
Microsoft Visual Studio Solution File, Format Version 12.00
# Visual Studio Version 17
VisualStudioVersion = 17.9.34728.123
MinimumVisualStudioVersion = 10.0.40219.1
Project("{9A19103F-16F7-4668-BE54-9A1E7A4F7556}") = "ContosoChatAPI", "ContosoChatAPI\ContosoChatAPI.csproj", "{0C951B95-1FCD-439E-94A7-ABC77888A159}"
EndProject
Project("{2150E333-8FDC-42A3-9474-1A3956D46DE8}") = "Solution Items", "Solution Items", "{FBB91215-BA5A-4522-BCD5-F4F4CCE6CCDE}"
	ProjectSection(SolutionItems) = preProject
		.editorconfig = .editorconfig
	EndProjectSection
EndProject
Global
	GlobalSection(SolutionConfigurationPlatforms) = preSolution
		Debug|Any CPU = Debug|Any CPU
		Release|Any CPU = Release|Any CPU
	EndGlobalSection
	GlobalSection(ProjectConfigurationPlatforms) = postSolution
		{0C951B95-1FCD-439E-94A7-ABC77888A159}.Debug|Any CPU.ActiveCfg = Debug|Any CPU
		{0C951B95-1FCD-439E-94A7-ABC77888A159}.Debug|Any CPU.Build.0 = Debug|Any CPU
		{0C951B95-1FCD-439E-94A7-ABC77888A159}.Release|Any CPU.ActiveCfg = Release|Any CPU
		{0C951B95-1FCD-439E-94A7-ABC77888A159}.Release|Any CPU.Build.0 = Release|Any CPU
	EndGlobalSection
	GlobalSection(SolutionProperties) = preSolution
		HideSolutionNode = FALSE
	EndGlobalSection
	GlobalSection(ExtensibilityGlobals) = postSolution
		SolutionGuid = {7DA2A046-AEAD-4BF8-B959-737F9892C1B3}
	EndGlobalSection
EndGlobal
